
Microsoft Visual Studio Solution File, Format Version 12.00
# Visual Studio Version 16
VisualStudioVersion = 16.0.30413.136
MinimumVisualStudioVersion = 10.0.40219.1
Project("{FAE04EC0-301F-11D3-BF4B-00C04F79EFBC}") = "WorkShop4V2.0", "WorkShop4V2.0\WorkShop4V2.0.csproj", "{3CDE8B63-0F13-460F-AC32-0393A1C4F283}"
EndProject
Global
	GlobalSection(SolutionConfigurationPlatforms) = preSolution
		Debug|Any CPU = Debug|Any CPU
		Release|Any CPU = Release|Any CPU
	EndGlobalSection
	GlobalSection(ProjectConfigurationPlatforms) = postSolution
		{3CDE8B63-0F13-460F-AC32-0393A1C4F283}.Debug|Any CPU.ActiveCfg = Debug|Any CPU
		{3CDE8B63-0F13-460F-AC32-0393A1C4F283}.Debug|Any CPU.Build.0 = Debug|Any CPU
		{3CDE8B63-0F13-460F-AC32-0393A1C4F283}.Release|Any CPU.ActiveCfg = Release|Any CPU
		{3CDE8B63-0F13-460F-AC32-0393A1C4F283}.Release|Any CPU.Build.0 = Release|Any CPU
	EndGlobalSection
	GlobalSection(SolutionProperties) = preSolution
		HideSolutionNode = FALSE
	EndGlobalSection
	GlobalSection(ExtensibilityGlobals) = postSolution
		SolutionGuid = {3C8871FB-3173-43BE-AE7F-DEF729A20832}
	EndGlobalSection
EndGlobal
